
Microsoft Visual Studio Solution File, Format Version 12.00
# Visual Studio Version 16
VisualStudioVersion = 16.0.28803.202
MinimumVisualStudioVersion = 10.0.40219.1
Project("{FAE04EC0-301F-11D3-BF4B-00C04F79EFBC}") = "AzureDevOpsCICDDemo", "AzureDevOpsCICDDemo\AzureDevOpsCICDDemo.csproj", "{804744F3-B1E5-4ADB-9A85-D91A331CCB8B}"
EndProject
Global
	GlobalSection(SolutionConfigurationPlatforms) = preSolution
		Debug|Any CPU = Debug|Any CPU
		Release|Any CPU = Release|Any CPU
	EndGlobalSection
	GlobalSection(ProjectConfigurationPlatforms) = postSolution
		{804744F3-B1E5-4ADB-9A85-D91A331CCB8B}.Debug|Any CPU.ActiveCfg = Debug|Any CPU
		{804744F3-B1E5-4ADB-9A85-D91A331CCB8B}.Debug|Any CPU.Build.0 = Debug|Any CPU
		{804744F3-B1E5-4ADB-9A85-D91A331CCB8B}.Release|Any CPU.ActiveCfg = Release|Any CPU
		{804744F3-B1E5-4ADB-9A85-D91A331CCB8B}.Release|Any CPU.Build.0 = Release|Any CPU
	EndGlobalSection
	GlobalSection(SolutionProperties) = preSolution
		HideSolutionNode = FALSE
	EndGlobalSection
	GlobalSection(ExtensibilityGlobals) = postSolution
		SolutionGuid = {49641B81-5D3F-4934-9A8E-F1103A567E1B}
	EndGlobalSection
EndGlobal
